
Microsoft Visual Studio Solution File, Format Version 12.00
# Visual Studio Version 16
VisualStudioVersion = 16.0.31205.134
MinimumVisualStudioVersion = 10.0.40219.1
Project("{9A19103F-16F7-4668-BE54-9A1E7A4F7556}") = "calculating_the_area", "calculating_the_area\calculating_the_area.csproj", "{9550803C-89BC-42B2-86E9-357A011E6377}"
EndProject
Project("{9A19103F-16F7-4668-BE54-9A1E7A4F7556}") = "CalculatingLib", "CalculatingLib\CalculatingLib.csproj", "{0F8D99E2-CDA7-4DE3-9871-A863990937B9}"
EndProject
Project("{9A19103F-16F7-4668-BE54-9A1E7A4F7556}") = "CalculatingTests", "CalculatingTests\CalculatingTests.csproj", "{05E155D1-6007-4257-BF95-0C175F14BCE8}"
EndProject
Global
	GlobalSection(SolutionConfigurationPlatforms) = preSolution
		Debug|Any CPU = Debug|Any CPU
		Release|Any CPU = Release|Any CPU
	EndGlobalSection
	GlobalSection(ProjectConfigurationPlatforms) = postSolution
		{9550803C-89BC-42B2-86E9-357A011E6377}.Debug|Any CPU.ActiveCfg = Debug|Any CPU
		{9550803C-89BC-42B2-86E9-357A011E6377}.Debug|Any CPU.Build.0 = Debug|Any CPU
		{9550803C-89BC-42B2-86E9-357A011E6377}.Release|Any CPU.ActiveCfg = Release|Any CPU
		{9550803C-89BC-42B2-86E9-357A011E6377}.Release|Any CPU.Build.0 = Release|Any CPU
		{0F8D99E2-CDA7-4DE3-9871-A863990937B9}.Debug|Any CPU.ActiveCfg = Debug|Any CPU
		{0F8D99E2-CDA7-4DE3-9871-A863990937B9}.Debug|Any CPU.Build.0 = Debug|Any CPU
		{0F8D99E2-CDA7-4DE3-9871-A863990937B9}.Release|Any CPU.ActiveCfg = Release|Any CPU
		{0F8D99E2-CDA7-4DE3-9871-A863990937B9}.Release|Any CPU.Build.0 = Release|Any CPU
		{05E155D1-6007-4257-BF95-0C175F14BCE8}.Debug|Any CPU.ActiveCfg = Debug|Any CPU
		{05E155D1-6007-4257-BF95-0C175F14BCE8}.Debug|Any CPU.Build.0 = Debug|Any CPU
		{05E155D1-6007-4257-BF95-0C175F14BCE8}.Release|Any CPU.ActiveCfg = Release|Any CPU
		{05E155D1-6007-4257-BF95-0C175F14BCE8}.Release|Any CPU.Build.0 = Release|Any CPU
	EndGlobalSection
	GlobalSection(SolutionProperties) = preSolution
		HideSolutionNode = FALSE
	EndGlobalSection
	GlobalSection(ExtensibilityGlobals) = postSolution
		SolutionGuid = {D15C914F-911F-4485-A620-A9F6A92CB204}
	EndGlobalSection
EndGlobal
